
Microsoft Visual Studio Solution File, Format Version 12.00
# Visual Studio 15
VisualStudioVersion = 15.0.27703.2042
MinimumVisualStudioVersion = 10.0.40219.1
Project("{FAE04EC0-301F-11D3-BF4B-00C04F79EFBC}") = "Frolf.Api", "Frolf.Api\Frolf.Api.csproj", "{DF08D53B-EE44-4E69-95CA-C4F69103A5D6}"
EndProject
Project("{FAE04EC0-301F-11D3-BF4B-00C04F79EFBC}") = "Frolf.Api.Tests", "Frolf.Api.Tests\Frolf.Api.Tests.csproj", "{6A470555-2D5F-4BAB-88A3-86ED4BE9B76E}"
EndProject
Project("{2150E333-8FDC-42A3-9474-1A3956D46DE8}") = "01. Api", "01. Api", "{91E78799-866F-4A73-AEF1-1B769B209861}"
EndProject
Project("{2150E333-8FDC-42A3-9474-1A3956D46DE8}") = "02. Application", "02. Application", "{85D20FC2-C8D7-4066-891C-C8800827E2D9}"
EndProject
Project("{2150E333-8FDC-42A3-9474-1A3956D46DE8}") = "03. Domain", "03. Domain", "{B03E4258-8613-4223-BADA-4BEED4DF339F}"
EndProject
Project("{2150E333-8FDC-42A3-9474-1A3956D46DE8}") = "04. Database", "04. Database", "{C13BBE59-E45F-4C58-AE57-39D8D407796E}"
EndProject
Project("{2150E333-8FDC-42A3-9474-1A3956D46DE8}") = "05. Security", "05. Security", "{D76ADCF6-D77D-4EBE-8305-565D7999F745}"
EndProject
Project("{00D1A9C2-B5F0-4AF3-8072-F6C62B433612}") = "FrolfDb", "FrolfDb\FrolfDb.sqlproj", "{DF9770B9-5D4D-498C-92DB-A773E2D47975}"
EndProject
Project("{FAE04EC0-301F-11D3-BF4B-00C04F79EFBC}") = "Domain.Commands", "Domain.Commands\Domain.Commands.csproj", "{E67F9506-4F5A-4C6C-AFE9-05E82A9B72E7}"
EndProject
Project("{FAE04EC0-301F-11D3-BF4B-00C04F79EFBC}") = "Domain.Commands.Contracts", "Domain.Commands.Contracts\Domain.Commands.Contracts.csproj", "{ED1973A1-18BC-4620-9E1B-7A80278F9E4E}"
EndProject
Project("{FAE04EC0-301F-11D3-BF4B-00C04F79EFBC}") = "Domain.Entities", "Domain.Entities\Domain.Entities.csproj", "{AB73659A-9E59-411F-BE6B-2C8CCA48A107}"
EndProject
Project("{FAE04EC0-301F-11D3-BF4B-00C04F79EFBC}") = "Domain.Entities.Contracts", "Domain.Entities.Contracts\Domain.Entities.Contracts.csproj", "{A40F6B28-8975-40C3-B6B6-05B28EA1402B}"
EndProject
Project("{FAE04EC0-301F-11D3-BF4B-00C04F79EFBC}") = "Domain.Query", "Domain.Query\Domain.Query.csproj", "{D4934841-2C26-4B81-B2A5-09892FFE1017}"
EndProject
Project("{FAE04EC0-301F-11D3-BF4B-00C04F79EFBC}") = "Domain.Query.Contracts", "Domain.Query.Contracts\Domain.Query.Contracts.csproj", "{AF643AD4-E199-4692-9EB2-18E459E10538}"
EndProject
Project("{FAE04EC0-301F-11D3-BF4B-00C04F79EFBC}") = "Security", "Security\Security.csproj", "{61FD114B-0FD3-43BB-A72F-89F481D8D190}"
EndProject
Project("{FAE04EC0-301F-11D3-BF4B-00C04F79EFBC}") = "Security.Contracts", "Security.Contracts\Security.Contracts.csproj", "{A411714E-95CD-46A1-81BB-54E9BA0E9DDF}"
EndProject
Project("{FAE04EC0-301F-11D3-BF4B-00C04F79EFBC}") = "Application.Query", "Application.Query\Application.Query.csproj", "{E4AE69A4-5E31-4CD2-9200-1FDF9BD69CE8}"
EndProject
Project("{FAE04EC0-301F-11D3-BF4B-00C04F79EFBC}") = "Application.Query.Tests", "Application.Query.Tests\Application.Query.Tests.csproj", "{C9232A5D-3E89-493C-BE2F-8450AA098560}"
EndProject
Project("{FAE04EC0-301F-11D3-BF4B-00C04F79EFBC}") = "Application.Command", "Application.Command\Application.Command.csproj", "{FD6C6F49-32E2-422A-B12F-7FCDD83C57B9}"
EndProject
Project("{FAE04EC0-301F-11D3-BF4B-00C04F79EFBC}") = "Application.Command.Tests", "Application.Command.Tests\Application.Command.Tests.csproj", "{A37BCC22-7010-46A8-A19D-88B5E457F7B5}"
EndProject
Global
	GlobalSection(SolutionConfigurationPlatforms) = preSolution
		Debug|Any CPU = Debug|Any CPU
		Release|Any CPU = Release|Any CPU
	EndGlobalSection
	GlobalSection(ProjectConfigurationPlatforms) = postSolution
		{DF08D53B-EE44-4E69-95CA-C4F69103A5D6}.Debug|Any CPU.ActiveCfg = Debug|Any CPU
		{DF08D53B-EE44-4E69-95CA-C4F69103A5D6}.Debug|Any CPU.Build.0 = Debug|Any CPU
		{DF08D53B-EE44-4E69-95CA-C4F69103A5D6}.Release|Any CPU.ActiveCfg = Release|Any CPU
		{DF08D53B-EE44-4E69-95CA-C4F69103A5D6}.Release|Any CPU.Build.0 = Release|Any CPU
		{6A470555-2D5F-4BAB-88A3-86ED4BE9B76E}.Debug|Any CPU.ActiveCfg = Debug|Any CPU
		{6A470555-2D5F-4BAB-88A3-86ED4BE9B76E}.Debug|Any CPU.Build.0 = Debug|Any CPU
		{6A470555-2D5F-4BAB-88A3-86ED4BE9B76E}.Release|Any CPU.ActiveCfg = Release|Any CPU
		{6A470555-2D5F-4BAB-88A3-86ED4BE9B76E}.Release|Any CPU.Build.0 = Release|Any CPU
		{DF9770B9-5D4D-498C-92DB-A773E2D47975}.Debug|Any CPU.ActiveCfg = Debug|Any CPU
		{DF9770B9-5D4D-498C-92DB-A773E2D47975}.Debug|Any CPU.Build.0 = Debug|Any CPU
		{DF9770B9-5D4D-498C-92DB-A773E2D47975}.Debug|Any CPU.Deploy.0 = Debug|Any CPU
		{DF9770B9-5D4D-498C-92DB-A773E2D47975}.Release|Any CPU.ActiveCfg = Release|Any CPU
		{DF9770B9-5D4D-498C-92DB-A773E2D47975}.Release|Any CPU.Build.0 = Release|Any CPU
		{DF9770B9-5D4D-498C-92DB-A773E2D47975}.Release|Any CPU.Deploy.0 = Release|Any CPU
		{E67F9506-4F5A-4C6C-AFE9-05E82A9B72E7}.Debug|Any CPU.ActiveCfg = Debug|Any CPU
		{E67F9506-4F5A-4C6C-AFE9-05E82A9B72E7}.Debug|Any CPU.Build.0 = Debug|Any CPU
		{E67F9506-4F5A-4C6C-AFE9-05E82A9B72E7}.Release|Any CPU.ActiveCfg = Release|Any CPU
		{E67F9506-4F5A-4C6C-AFE9-05E82A9B72E7}.Release|Any CPU.Build.0 = Release|Any CPU
		{ED1973A1-18BC-4620-9E1B-7A80278F9E4E}.Debug|Any CPU.ActiveCfg = Debug|Any CPU
		{ED1973A1-18BC-4620-9E1B-7A80278F9E4E}.Debug|Any CPU.Build.0 = Debug|Any CPU
		{ED1973A1-18BC-4620-9E1B-7A80278F9E4E}.Release|Any CPU.ActiveCfg = Release|Any CPU
		{ED1973A1-18BC-4620-9E1B-7A80278F9E4E}.Release|Any CPU.Build.0 = Release|Any CPU
		{AB73659A-9E59-411F-BE6B-2C8CCA48A107}.Debug|Any CPU.ActiveCfg = Debug|Any CPU
		{AB73659A-9E59-411F-BE6B-2C8CCA48A107}.Debug|Any CPU.Build.0 = Debug|Any CPU
		{AB73659A-9E59-411F-BE6B-2C8CCA48A107}.Release|Any CPU.ActiveCfg = Release|Any CPU
		{AB73659A-9E59-411F-BE6B-2C8CCA48A107}.Release|Any CPU.Build.0 = Release|Any CPU
		{A40F6B28-8975-40C3-B6B6-05B28EA1402B}.Debug|Any CPU.ActiveCfg = Debug|Any CPU
		{A40F6B28-8975-40C3-B6B6-05B28EA1402B}.Debug|Any CPU.Build.0 = Debug|Any CPU
		{A40F6B28-8975-40C3-B6B6-05B28EA1402B}.Release|Any CPU.ActiveCfg = Release|Any CPU
		{A40F6B28-8975-40C3-B6B6-05B28EA1402B}.Release|Any CPU.Build.0 = Release|Any CPU
		{D4934841-2C26-4B81-B2A5-09892FFE1017}.Debug|Any CPU.ActiveCfg = Debug|Any CPU
		{D4934841-2C26-4B81-B2A5-09892FFE1017}.Debug|Any CPU.Build.0 = Debug|Any CPU
		{D4934841-2C26-4B81-B2A5-09892FFE1017}.Release|Any CPU.ActiveCfg = Release|Any CPU
		{D4934841-2C26-4B81-B2A5-09892FFE1017}.Release|Any CPU.Build.0 = Release|Any CPU
		{AF643AD4-E199-4692-9EB2-18E459E10538}.Debug|Any CPU.ActiveCfg = Debug|Any CPU
		{AF643AD4-E199-4692-9EB2-18E459E10538}.Debug|Any CPU.Build.0 = Debug|Any CPU
		{AF643AD4-E199-4692-9EB2-18E459E10538}.Release|Any CPU.ActiveCfg = Release|Any CPU
		{AF643AD4-E199-4692-9EB2-18E459E10538}.Release|Any CPU.Build.0 = Release|Any CPU
		{61FD114B-0FD3-43BB-A72F-89F481D8D190}.Debug|Any CPU.ActiveCfg = Debug|Any CPU
		{61FD114B-0FD3-43BB-A72F-89F481D8D190}.Debug|Any CPU.Build.0 = Debug|Any CPU
		{61FD114B-0FD3-43BB-A72F-89F481D8D190}.Release|Any CPU.ActiveCfg = Release|Any CPU
		{61FD114B-0FD3-43BB-A72F-89F481D8D190}.Release|Any CPU.Build.0 = Release|Any CPU
		{A411714E-95CD-46A1-81BB-54E9BA0E9DDF}.Debug|Any CPU.ActiveCfg = Debug|Any CPU
		{A411714E-95CD-46A1-81BB-54E9BA0E9DDF}.Debug|Any CPU.Build.0 = Debug|Any CPU
		{A411714E-95CD-46A1-81BB-54E9BA0E9DDF}.Release|Any CPU.ActiveCfg = Release|Any CPU
		{A411714E-95CD-46A1-81BB-54E9BA0E9DDF}.Release|Any CPU.Build.0 = Release|Any CPU
		{E4AE69A4-5E31-4CD2-9200-1FDF9BD69CE8}.Debug|Any CPU.ActiveCfg = Debug|Any CPU
		{E4AE69A4-5E31-4CD2-9200-1FDF9BD69CE8}.Debug|Any CPU.Build.0 = Debug|Any CPU
		{E4AE69A4-5E31-4CD2-9200-1FDF9BD69CE8}.Release|Any CPU.ActiveCfg = Release|Any CPU
		{E4AE69A4-5E31-4CD2-9200-1FDF9BD69CE8}.Release|Any CPU.Build.0 = Release|Any CPU
		{C9232A5D-3E89-493C-BE2F-8450AA098560}.Debug|Any CPU.ActiveCfg = Debug|Any CPU
		{C9232A5D-3E89-493C-BE2F-8450AA098560}.Debug|Any CPU.Build.0 = Debug|Any CPU
		{C9232A5D-3E89-493C-BE2F-8450AA098560}.Release|Any CPU.ActiveCfg = Release|Any CPU
		{C9232A5D-3E89-493C-BE2F-8450AA098560}.Release|Any CPU.Build.0 = Release|Any CPU
		{FD6C6F49-32E2-422A-B12F-7FCDD83C57B9}.Debug|Any CPU.ActiveCfg = Debug|Any CPU
		{FD6C6F49-32E2-422A-B12F-7FCDD83C57B9}.Debug|Any CPU.Build.0 = Debug|Any CPU
		{FD6C6F49-32E2-422A-B12F-7FCDD83C57B9}.Release|Any CPU.ActiveCfg = Release|Any CPU
		{FD6C6F49-32E2-422A-B12F-7FCDD83C57B9}.Release|Any CPU.Build.0 = Release|Any CPU
		{A37BCC22-7010-46A8-A19D-88B5E457F7B5}.Debug|Any CPU.ActiveCfg = Debug|Any CPU
		{A37BCC22-7010-46A8-A19D-88B5E457F7B5}.Debug|Any CPU.Build.0 = Debug|Any CPU
		{A37BCC22-7010-46A8-A19D-88B5E457F7B5}.Release|Any CPU.ActiveCfg = Release|Any CPU
		{A37BCC22-7010-46A8-A19D-88B5E457F7B5}.Release|Any CPU.Build.0 = Release|Any CPU
	EndGlobalSection
	GlobalSection(SolutionProperties) = preSolution
		HideSolutionNode = FALSE
	EndGlobalSection
	GlobalSection(NestedProjects) = preSolution
		{DF08D53B-EE44-4E69-95CA-C4F69103A5D6} = {91E78799-866F-4A73-AEF1-1B769B209861}
		{6A470555-2D5F-4BAB-88A3-86ED4BE9B76E} = {91E78799-866F-4A73-AEF1-1B769B209861}
		{DF9770B9-5D4D-498C-92DB-A773E2D47975} = {C13BBE59-E45F-4C58-AE57-39D8D407796E}
		{E67F9506-4F5A-4C6C-AFE9-05E82A9B72E7} = {B03E4258-8613-4223-BADA-4BEED4DF339F}
		{ED1973A1-18BC-4620-9E1B-7A80278F9E4E} = {B03E4258-8613-4223-BADA-4BEED4DF339F}
		{AB73659A-9E59-411F-BE6B-2C8CCA48A107} = {B03E4258-8613-4223-BADA-4BEED4DF339F}
		{A40F6B28-8975-40C3-B6B6-05B28EA1402B} = {B03E4258-8613-4223-BADA-4BEED4DF339F}
		{D4934841-2C26-4B81-B2A5-09892FFE1017} = {B03E4258-8613-4223-BADA-4BEED4DF339F}
		{AF643AD4-E199-4692-9EB2-18E459E10538} = {B03E4258-8613-4223-BADA-4BEED4DF339F}
		{61FD114B-0FD3-43BB-A72F-89F481D8D190} = {D76ADCF6-D77D-4EBE-8305-565D7999F745}
		{A411714E-95CD-46A1-81BB-54E9BA0E9DDF} = {D76ADCF6-D77D-4EBE-8305-565D7999F745}
		{E4AE69A4-5E31-4CD2-9200-1FDF9BD69CE8} = {85D20FC2-C8D7-4066-891C-C8800827E2D9}
		{C9232A5D-3E89-493C-BE2F-8450AA098560} = {85D20FC2-C8D7-4066-891C-C8800827E2D9}
		{FD6C6F49-32E2-422A-B12F-7FCDD83C57B9} = {85D20FC2-C8D7-4066-891C-C8800827E2D9}
		{A37BCC22-7010-46A8-A19D-88B5E457F7B5} = {85D20FC2-C8D7-4066-891C-C8800827E2D9}
	EndGlobalSection
	GlobalSection(ExtensibilityGlobals) = postSolution
		SolutionGuid = {5D660A42-8A66-431C-91D8-B5BF7E4F5DED}
	EndGlobalSection
EndGlobal
